{
  "name": "AI_Recuirement",
  "lockfileVersion": 3,
  "requires": true,
  "packages": {
    "": {
      "dependencies": {
        "@supabase/ssr": "^0.12.5",
        "@supabase/supabase-js": "^2.114.0"
      }
    },
    "node_modules/@supabase/auth-js": {
      "version": "2.114.0",
      "resolved": "https://registry.npmjs.org/@supabase/auth-js/-/auth-js-2.114.0.tgz",
      "integrity": "sha512-7pdAE31YHynM1b2rbrbVtQc4ug5LcUvATe9u3EazlCZMY6jar7Z5JHJlj7/qcO5Z6KAYT26sTr5mvVHePeuC/g==",
      "license": "MIT",
      "dependencies": {
        "tslib": "2.8.1"
      },
      "engines": {
        "node": ">=22.0.0"
      }
    },
    "node_modules/@supabase/functions-js": {
      "version": "2.114.0",
      "resolved": "https://registry.npmjs.org/@supabase/functions-js/-/functions-js-2.114.0.tgz",
      "integrity": "sha512-N3hzlq2xr6IYkkgj0tC4j0U3LWVshr5U/DAvmD5Bu8bW1ne2XOwxOx3ps6Y3NbptBAlzDrezmeJevlZR4AqsLA==",
      "license": "MIT",
      "dependencies": {
        "tslib": "2.8.1"
      },
      "engines": {
        "node": ">=22.0.0"
      }
    },
    "node_modules/@supabase/phoenix": {
      "version": "0.4.5",
      "resolved": "https://registry.npmjs.org/@supabase/phoenix/-/phoenix-0.4.5.tgz",
      "integrity": "sha512-aAn9H9ovVyeApKy11OWOrrOGq8DV68yWeH4ud2lN9fzn4aO8Zb5GLL9m1pUg9nLqIcT+ZDfAcsZe0E/nqdv2lw==",
      "license": "MIT"
    },
    "node_modules/@supabase/postgrest-js": {
      "version": "2.114.0",
      "resolved": "https://registry.npmjs.org/@supabase/postgrest-js/-/postgrest-js-2.114.0.tgz",
      "integrity": "sha512-yKAe5Tc47+LLm6YU1OAHWqwkxidlnl/vHDMHx+VANcUaeMfNzDKrXTUuZ5BKCGM4+1gJWm/U3n4W+2aRn8d8dA==",
      "license": "MIT",
      "dependencies": {
        "tslib": "2.8.1"
      },
      "engines": {
        "node": ">=22.0.0"
      }
    },
    "node_modules/@supabase/realtime-js": {
      "version": "2.114.0",
      "resolved": "https://registry.npmjs.org/@supabase/realtime-js/-/realtime-js-2.114.0.tgz",
      "integrity": "sha512-gSkuQrM/etAlUnw9YMDA2e+iNMCLezf0IHyOzmetOqy9KPsGe2C3puTd/4xalirnko+p3BEykFVliHaY2yXVrw==",
      "license": "MIT",
      "dependencies": {
        "@supabase/phoenix": "0.4.5",
        "tslib": "2.8.1"
      },
      "engines": {
        "node": ">=22.0.0"
      }
    },
    "node_modules/@supabase/ssr": {
      "version": "0.12.5",
      "resolved": "https://registry.npmjs.org/@supabase/ssr/-/ssr-0.12.5.tgz",
      "integrity": "sha512-0GllaAtHe7FHs6tlSg1CwkFw0a7aai1Shs9rEqSs/HaVkJzPk35C9r0Z8WUtKJ3eY6G/Y5y47YvCro3LynrAJg==",
      "license": "MIT",
      "dependencies": {
        "cookie": "^1.0.2"
      },
      "peerDependencies": {
        "@supabase/supabase-js": "^2.112.4"
      }
    },
    "node_modules/@supabase/storage-js": {
      "version": "2.114.0",
      "resolved": "https://registry.npmjs.org/@supabase/storage-js/-/storage-js-2.114.0.tgz",
      "integrity": "sha512-leK7YsDVqIKd9hQRJeK03QRZ8Slg2JExmNIj+BL7dkD3m+ZNREJ7ITQdrc7VhNhh8+Eb/ebm1Ts4AOoY4LFSiA==",
      "license": "MIT",
      "dependencies": {
        "iceberg-js": "^0.8.1",
        "tslib": "2.8.1"
      },
      "engines": {
        "node": ">=22.0.0"
      }
    },
    "node_modules/@supabase/supabase-js": {
      "version": "2.114.0",
      "resolved": "https://registry.npmjs.org/@supabase/supabase-js/-/supabase-js-2.114.0.tgz",
      "integrity": "sha512-uvmqk2yxVp77c/LjWzJaw1/HId+2a3sck4idbBy3nOTro36l7nVcHdT/XENHj7Fi/IJAvAsJrTSgTEegbYTxvQ==",
      "license": "MIT",
      "dependencies": {
        "@supabase/auth-js": "2.114.0",
        "@supabase/functions-js": "2.114.0",
        "@supabase/postgrest-js": "2.114.0",
        "@supabase/realtime-js": "2.114.0",
        "@supabase/storage-js": "2.114.0"
      },
      "engines": {
        "node": ">=22.0.0"
      },
      "peerDependencies": {
        "@opentelemetry/api": ">=1.0.0"
      },
      "peerDependenciesMeta": {
        "@opentelemetry/api": {
          "optional": true
        }
      }
    },
    "node_modules/cookie": {
      "version": "1.1.1",
      "resolved": "https://registry.npmjs.org/cookie/-/cookie-1.1.1.tgz",
      "integrity": "sha512-ei8Aos7ja0weRpFzJnEA9UHJ/7XQmqglbRwnf2ATjcB9Wq874VKH9kfjjirM6UhU2/E5fFYadylyhFldcqSidQ==",
      "license": "MIT",
      "engines": {
        "node": ">=18"
      },
      "funding": {
        "type": "opencollective",
        "url": "https://opencollective.com/express"
      }
    },
    "node_modules/iceberg-js": {
      "version": "0.8.1",
      "resolved": "https://registry.npmjs.org/iceberg-js/-/iceberg-js-0.8.1.tgz",
      "integrity": "sha512-1dhVQZXhcHje7798IVM+xoo/1ZdVfzOMIc8/rgVSijRK38EDqOJoGula9N/8ZI5RD8QTxNQtK/Gozpr+qUqRRA==",
      "license": "MIT",
      "engines": {
        "node": ">=20.0.0"
      }
    },
    "node_modules/tslib": {
      "version": "2.8.1",
      "resolved": "https://registry.npmjs.org/tslib/-/tslib-2.8.1.tgz",
      "integrity": "sha512-oJFu94HQb+KVduSUQL7wnpmqnfmLsOA/nAh6b6EH0wCEoK0/mPeXU6c3wKDV83MkOuHPRHtSXKKU99IBazS/2w==",
      "license": "0BSD"
    }
  }
}
